
Microsoft Visual Studio Solution File, Format Version 12.00
# Visual Studio Version 17
VisualStudioVersion = 17.14.36518.9
MinimumVisualStudioVersion = 10.0.40219.1
Project("{FAE04EC0-301F-11D3-BF4B-00C04F79EFBC}") = "01. Unique PIN Codes", "01. Unique PIN Codes\01. Unique PIN Codes.csproj", "{593C8821-C90C-4200-89A9-AF2E2366D9B1}"
EndProject
Project("{FAE04EC0-301F-11D3-BF4B-00C04F79EFBC}") = "02. Letters Combinations", "02. Letters Combinations\02. Letters Combinations.csproj", "{52AA80AB-56A0-4F63-B80B-332E870AF4FF}"
EndProject
Project("{FAE04EC0-301F-11D3-BF4B-00C04F79EFBC}") = "03. Lucky Numbers", "03. Lucky Numbers\03. Lucky Numbers.csproj", "{61A259FF-E77C-41A2-8677-781CBA46312A}"
EndProject
Project("{FAE04EC0-301F-11D3-BF4B-00C04F79EFBC}") = "04. Car Number", "04. Car Number\04. Car Number.csproj", "{2FC99542-F0C8-4355-A838-63AB56BCD72A}"
EndProject
Project("{FAE04EC0-301F-11D3-BF4B-00C04F79EFBC}") = "05. Challenge the Wedding", "05. Challenge the Wedding\05. Challenge the Wedding.csproj", "{68DD2A00-F2AB-4EB2-9529-F82F915C22F2}"
EndProject
Project("{FAE04EC0-301F-11D3-BF4B-00C04F79EFBC}") = "06. Wedding Seats", "06. Wedding Seats\06. Wedding Seats.csproj", "{26888204-7EFF-4CEF-ACED-61576F5B1307}"
EndProject
Project("{FAE04EC0-301F-11D3-BF4B-00C04F79EFBC}") = "07. Safe Passwords Generator", "07. Safe Passwords Generator\07. Safe Passwords Generator.csproj", "{B81EEB62-E099-45FF-9068-C78271E09EB1}"
EndProject
Project("{FAE04EC0-301F-11D3-BF4B-00C04F79EFBC}") = "08. Secret Door's Lock", "08. Secret Door's Lock\08. Secret Door's Lock.csproj", "{BABE427C-088C-4123-B4A2-2DE45D49B462}"
EndProject
Project("{FAE04EC0-301F-11D3-BF4B-00C04F79EFBC}") = "09. Sum of Two Numbers", "09. Sum of Two Numbers\09. Sum of Two Numbers.csproj", "{A61D98FB-6602-400C-A3D8-3E97B3A1D85F}"
EndProject
Project("{FAE04EC0-301F-11D3-BF4B-00C04F79EFBC}") = "10. Profit", "10. Profit\10. Profit.csproj", "{CA815346-FF8B-400A-AA25-1C51174CB02E}"
EndProject
Project("{FAE04EC0-301F-11D3-BF4B-00C04F79EFBC}") = "11. HappyCat Parking", "11. HappyCat Parking\11. HappyCat Parking.csproj", "{38062EC0-0E1D-4AA4-9699-D6F1EE46FFD5}"
EndProject
Project("{FAE04EC0-301F-11D3-BF4B-00C04F79EFBC}") = "12. The song of the wheels", "12. The song of the wheels\12. The song of the wheels.csproj", "{CF679C1D-184E-4068-A982-5DE9D5C4F895}"
EndProject
Project("{FAE04EC0-301F-11D3-BF4B-00C04F79EFBC}") = "13. Prime Pairs", "13. Prime Pairs\13. Prime Pairs.csproj", "{568A04A7-ABE4-4E27-9AF7-004771E79ACB}"
EndProject
Project("{FAE04EC0-301F-11D3-BF4B-00C04F79EFBC}") = "14. Password Generator", "14. Password Generator\14. Password Generator.csproj", "{07FCE069-0F0E-4396-B433-5B80E750A0E5}"
EndProject
Global
	GlobalSection(SolutionConfigurationPlatforms) = preSolution
		Debug|Any CPU = Debug|Any CPU
		Release|Any CPU = Release|Any CPU
	EndGlobalSection
	GlobalSection(ProjectConfigurationPlatforms) = postSolution
		{593C8821-C90C-4200-89A9-AF2E2366D9B1}.Debug|Any CPU.ActiveCfg = Debug|Any CPU
		{593C8821-C90C-4200-89A9-AF2E2366D9B1}.Debug|Any CPU.Build.0 = Debug|Any CPU
		{593C8821-C90C-4200-89A9-AF2E2366D9B1}.Release|Any CPU.ActiveCfg = Release|Any CPU
		{593C8821-C90C-4200-89A9-AF2E2366D9B1}.Release|Any CPU.Build.0 = Release|Any CPU
		{52AA80AB-56A0-4F63-B80B-332E870AF4FF}.Debug|Any CPU.ActiveCfg = Debug|Any CPU
		{52AA80AB-56A0-4F63-B80B-332E870AF4FF}.Debug|Any CPU.Build.0 = Debug|Any CPU
		{52AA80AB-56A0-4F63-B80B-332E870AF4FF}.Release|Any CPU.ActiveCfg = Release|Any CPU
		{52AA80AB-56A0-4F63-B80B-332E870AF4FF}.Release|Any CPU.Build.0 = Release|Any CPU
		{61A259FF-E77C-41A2-8677-781CBA46312A}.Debug|Any CPU.ActiveCfg = Debug|Any CPU
		{61A259FF-E77C-41A2-8677-781CBA46312A}.Debug|Any CPU.Build.0 = Debug|Any CPU
		{61A259FF-E77C-41A2-8677-781CBA46312A}.Release|Any CPU.ActiveCfg = Release|Any CPU
		{61A259FF-E77C-41A2-8677-781CBA46312A}.Release|Any CPU.Build.0 = Release|Any CPU
		{2FC99542-F0C8-4355-A838-63AB56BCD72A}.Debug|Any CPU.ActiveCfg = Debug|Any CPU
		{2FC99542-F0C8-4355-A838-63AB56BCD72A}.Debug|Any CPU.Build.0 = Debug|Any CPU
		{2FC99542-F0C8-4355-A838-63AB56BCD72A}.Release|Any CPU.ActiveCfg = Release|Any CPU
		{2FC99542-F0C8-4355-A838-63AB56BCD72A}.Release|Any CPU.Build.0 = Release|Any CPU
		{68DD2A00-F2AB-4EB2-9529-F82F915C22F2}.Debug|Any CPU.ActiveCfg = Debug|Any CPU
		{68DD2A00-F2AB-4EB2-9529-F82F915C22F2}.Debug|Any CPU.Build.0 = Debug|Any CPU
		{68DD2A00-F2AB-4EB2-9529-F82F915C22F2}.Release|Any CPU.ActiveCfg = Release|Any CPU
		{68DD2A00-F2AB-4EB2-9529-F82F915C22F2}.Release|Any CPU.Build.0 = Release|Any CPU
		{26888204-7EFF-4CEF-ACED-61576F5B1307}.Debug|Any CPU.ActiveCfg = Debug|Any CPU
		{26888204-7EFF-4CEF-ACED-61576F5B1307}.Debug|Any CPU.Build.0 = Debug|Any CPU
		{26888204-7EFF-4CEF-ACED-61576F5B1307}.Release|Any CPU.ActiveCfg = Release|Any CPU
		{26888204-7EFF-4CEF-ACED-61576F5B1307}.Release|Any CPU.Build.0 = Release|Any CPU
		{B81EEB62-E099-45FF-9068-C78271E09EB1}.Debug|Any CPU.ActiveCfg = Debug|Any CPU
		{B81EEB62-E099-45FF-9068-C78271E09EB1}.Debug|Any CPU.Build.0 = Debug|Any CPU
		{B81EEB62-E099-45FF-9068-C78271E09EB1}.Release|Any CPU.ActiveCfg = Release|Any CPU
		{B81EEB62-E099-45FF-9068-C78271E09EB1}.Release|Any CPU.Build.0 = Release|Any CPU
		{BABE427C-088C-4123-B4A2-2DE45D49B462}.Debug|Any CPU.ActiveCfg = Debug|Any CPU
		{BABE427C-088C-4123-B4A2-2DE45D49B462}.Debug|Any CPU.Build.0 = Debug|Any CPU
		{BABE427C-088C-4123-B4A2-2DE45D49B462}.Release|Any CPU.ActiveCfg = Release|Any CPU
		{BABE427C-088C-4123-B4A2-2DE45D49B462}.Release|Any CPU.Build.0 = Release|Any CPU
		{A61D98FB-6602-400C-A3D8-3E97B3A1D85F}.Debug|Any CPU.ActiveCfg = Debug|Any CPU
		{A61D98FB-6602-400C-A3D8-3E97B3A1D85F}.Debug|Any CPU.Build.0 = Debug|Any CPU
		{A61D98FB-6602-400C-A3D8-3E97B3A1D85F}.Release|Any CPU.ActiveCfg = Release|Any CPU
		{A61D98FB-6602-400C-A3D8-3E97B3A1D85F}.Release|Any CPU.Build.0 = Release|Any CPU
		{CA815346-FF8B-400A-AA25-1C51174CB02E}.Debug|Any CPU.ActiveCfg = Debug|Any CPU
		{CA815346-FF8B-400A-AA25-1C51174CB02E}.Debug|Any CPU.Build.0 = Debug|Any CPU
		{CA815346-FF8B-400A-AA25-1C51174CB02E}.Release|Any CPU.ActiveCfg = Release|Any CPU
		{CA815346-FF8B-400A-AA25-1C51174CB02E}.Release|Any CPU.Build.0 = Release|Any CPU
		{38062EC0-0E1D-4AA4-9699-D6F1EE46FFD5}.Debug|Any CPU.ActiveCfg = Debug|Any CPU
		{38062EC0-0E1D-4AA4-9699-D6F1EE46FFD5}.Debug|Any CPU.Build.0 = Debug|Any CPU
		{38062EC0-0E1D-4AA4-9699-D6F1EE46FFD5}.Release|Any CPU.ActiveCfg = Release|Any CPU
		{38062EC0-0E1D-4AA4-9699-D6F1EE46FFD5}.Release|Any CPU.Build.0 = Release|Any CPU
		{CF679C1D-184E-4068-A982-5DE9D5C4F895}.Debug|Any CPU.ActiveCfg = Debug|Any CPU
		{CF679C1D-184E-4068-A982-5DE9D5C4F895}.Debug|Any CPU.Build.0 = Debug|Any CPU
		{CF679C1D-184E-4068-A982-5DE9D5C4F895}.Release|Any CPU.ActiveCfg = Release|Any CPU
		{CF679C1D-184E-4068-A982-5DE9D5C4F895}.Release|Any CPU.Build.0 = Release|Any CPU
		{568A04A7-ABE4-4E27-9AF7-004771E79ACB}.Debug|Any CPU.ActiveCfg = Debug|Any CPU
		{568A04A7-ABE4-4E27-9AF7-004771E79ACB}.Debug|Any CPU.Build.0 = Debug|Any CPU
		{568A04A7-ABE4-4E27-9AF7-004771E79ACB}.Release|Any CPU.ActiveCfg = Release|Any CPU
		{568A04A7-ABE4-4E27-9AF7-004771E79ACB}.Release|Any CPU.Build.0 = Release|Any CPU
		{07FCE069-0F0E-4396-B433-5B80E750A0E5}.Debug|Any CPU.ActiveCfg = Debug|Any CPU
		{07FCE069-0F0E-4396-B433-5B80E750A0E5}.Debug|Any CPU.Build.0 = Debug|Any CPU
		{07FCE069-0F0E-4396-B433-5B80E750A0E5}.Release|Any CPU.ActiveCfg = Release|Any CPU
		{07FCE069-0F0E-4396-B433-5B80E750A0E5}.Release|Any CPU.Build.0 = Release|Any CPU
	EndGlobalSection
	GlobalSection(SolutionProperties) = preSolution
		HideSolutionNode = FALSE
	EndGlobalSection
	GlobalSection(ExtensibilityGlobals) = postSolution
		SolutionGuid = {CE584C2B-B034-4786-8FD2-F5C83AE63A9F}
	EndGlobalSection
EndGlobal
